{
  "name": "vite-tsconfig-paths-issue-minimal-repro",
  "version": "1.0.0",
  "lockfileVersion": 3,
  "requires": true,
  "packages": {
    "": {
      "name": "vite-tsconfig-paths-issue-minimal-repro",
      "version": "1.0.0",
      "devDependencies": {
        "typescript": "^5.8.3",
        "vite": "^5.4.16",
        "vite-node": "^2.1.6",
        "vite-tsconfig-paths": "^4.2.3",
        "vitest": "^2.1.9"
      }
    },
    "node_modules/@esbuild/darwin-arm64": {
      "version": "0.21.5",
      "resolved": "https://nexushost.is.adyen.com/repository/npm-internal/@esbuild/darwin-arm64/-/darwin-arm64-0.21.5.tgz",
      "integrity": "sha512-cHN9ZV8uGVV0TvoDKOI79A1B5zVvPEQZVwL63P28KNufd2wnB8YpreGKKYlTuXW/ctCBqVKYu787guUHyta6mg==",
      "cpu": [
        "arm64"
      ],
      "dev": true,
      "license": "MIT",
      "optional": true,
      "os": [
        "darwin"
      ],
      "engines": {
        "node": ">=12"
      }
    },
    "node_modules/@esbuild/darwin-x64": {
      "version": "0.21.5",
      "resolved": "https://nexushost.is.adyen.com/repository/npm-internal/@esbuild/darwin-x64/-/darwin-x64-0.21.5.tgz",
      "integrity": "sha512-5dbxFZm8qA6UjFyKzZM3zGngMYb5ZFAcdxucX13uLwG61aCX05RmehJcrP3vbHuGkfwKAJur5Xg8l2+l8cTulQ==",
      "cpu": [
        "x64"
      ],
      "dev": true,
      "license": "MIT",
      "optional": true,
      "os": [
        "darwin"
      ],
      "engines": {
        "node": ">=12"
      }
    },
    "node_modules/@esbuild/linux-arm64": {
      "version": "0.21.5",
      "resolved": "https://nexushost.is.adyen.com/repository/npm-internal/@esbuild/linux-arm64/-/linux-arm64-0.21.5.tgz",
      "integrity": "sha512-5WlvjYyL2BMwWat5iB7MQ7VqXHbXksIud4+QdIrqXIjvOazHbl3KmPVnc2ncToyhhf4Tu1U22yRcquQ4DHaEUw==",
      "cpu": [
        "arm64"
      ],
      "dev": true,
      "license": "MIT",
      "optional": true,
      "os": [
        "linux"
      ],
      "engines": {
        "node": ">=12"
      }
    },
    "node_modules/@esbuild/linux-x64": {
      "version": "0.21.5",
      "resolved": "https://nexushost.is.adyen.com/repository/npm-internal/@esbuild/linux-x64/-/linux-x64-0.21.5.tgz",
      "integrity": "sha512-exR0K+sdbybYLVFWh0efidHeA67dYHbQIzP9s8UitWBRl4LtBYCzLUxGCSyZeLYeGLBVk+O9iVE+KpJ7rb+XiA==",
      "cpu": [
        "x64"
      ],
      "dev": true,
      "license": "MIT",
      "optional": true,
      "os": [
        "linux"
      ],
      "engines": {
        "node": ">=12"
      }
    },
    "node_modules/@jridgewell/sourcemap-codec": {
      "version": "1.5.0",
      "resolved": "https://nexushost.is.adyen.com/repository/npm-internal/@jridgewell/sourcemap-codec/-/sourcemap-codec-1.5.0.tgz",
      "integrity": "sha512-GDZmPuuH5fIM5JUSgokb0pSSGya6DmtgnU6u3Y+/0tTXLikFxYkuqQ3uV9jgTrvlchcju9BGN+NbKeEcFp/ynQ==",
      "dev": true,
      "license": "MIT"
    },
    "node_modules/@rollup/rollup-darwin-arm64": {
      "version": "4.39.0",
      "resolved": "https://nexushost.is.adyen.com/repository/npm-internal/@rollup/rollup-darwin-arm64/-/rollup-darwin-arm64-4.39.0.tgz",
      "integrity": "sha512-59K4hRpxr9DM343tBfxTAL56RJcJqB1TUHOwzlitFdeN9PeCsfNWPrjSdAP7GT/pMQe2EDdCaBWn7H63vywGDw==",
      "cpu": [
        "arm64"
      ],
      "dev": true,
      "license": "MIT",
      "optional": true,
      "os": [
        "darwin"
      ]
    },
    "node_modules/@rollup/rollup-darwin-x64": {
      "version": "4.39.0",
      "resolved": "https://nexushost.is.adyen.com/repository/npm-internal/@rollup/rollup-darwin-x64/-/rollup-darwin-x64-4.39.0.tgz",
      "integrity": "sha512-UyIvnYmJceXlfx4Y2iOvlqgpw4u1hVzY4V1EYpHfVfEmMsfywUz9T2Rw7GVYuoJj+Yd7e1p5ggVK+Rs09MKe/g==",
      "cpu": [
        "x64"
      ],
      "dev": true,
      "license": "MIT",
      "optional": true,
      "os": [
        "darwin"
      ]
    },
    "node_modules/@rollup/rollup-linux-arm64-gnu": {
      "version": "4.39.0",
      "resolved": "https://nexushost.is.adyen.com/repository/npm-internal/@rollup/rollup-linux-arm64-gnu/-/rollup-linux-arm64-gnu-4.39.0.tgz",
      "integrity": "sha512-uub0ysNtHws0c9Nl78IYqFFULRkRu1Mi2g/Di2SveHxIolm3m8AU5APVT6dH/AsUyiyP4RdhCKI5tKV2f1plSg==",
      "cpu": [
        "arm64"
      ],
      "dev": true,
      "license": "MIT",
      "optional": true,
      "os": [
        "linux"
      ]
    },
    "node_modules/@rollup/rollup-linux-x64-gnu": {
      "version": "4.39.0",
      "resolved": "https://nexushost.is.adyen.com/repository/npm-internal/@rollup/rollup-linux-x64-gnu/-/rollup-linux-x64-gnu-4.39.0.tgz",
      "integrity": "sha512-loJ0dHXtC/CIOkew4e9Tdwwr1HCe7jHd2CPhrpb/bVnNc5QQgIFqk8jh3ycf4vyuvYugtVqxFMCFX0SAT+vu6Q==",
      "cpu": [
        "x64"
      ],
      "dev": true,
      "license": "MIT",
      "optional": true,
      "os": [
        "linux"
      ]
    },
    "node_modules/@types/estree": {
      "version": "1.0.7",
      "resolved": "https://nexushost.is.adyen.com/repository/npm-internal/@types/estree/-/estree-1.0.7.tgz",
      "integrity": "sha512-VPPmIVJVA9BHjZ8o8YIvo5ikJy59dVSBL00la5dThFhThCzbBcSM43WKGETKoWZty8UMbuuXYPyTzdf6AtfkhQ==",
      "dev": true,
      "license": "MIT"
    },
    "node_modules/@vitest/expect": {
      "version": "2.1.9",
      "resolved": "https://nexushost.is.adyen.com/repository/npm-internal/@vitest/expect/-/expect-2.1.9.tgz",
      "integrity": "sha512-8tidppQemQmHjKQLom7gVr57HsluEl7wnGkxYn+/LS3PXPgJTf9SeTaUM/1zeYV+D0z5Mi+eOisdvi00wo86+g==",
      "dev": true,
      "license": "MIT",
      "dependencies": {
        "@vitest/spy": "2.1.9",
        "@vitest/utils": "2.1.9",
        "chai": "^5.1.2",
        "tinyrainbow": "^1.2.0"
      },
      "funding": {
        "url": "https://opencollective.com/vitest"
      }
    },
    "node_modules/@vitest/mocker": {
      "version": "2.1.9",
      "resolved": "https://nexushost.is.adyen.com/repository/npm-internal/@vitest/mocker/-/mocker-2.1.9.tgz",
      "integrity": "sha512-gnnidIVwUXnOXW2o7Au2qkJVkxGbJS5KD16GCIb1SyHvCxsCsCbXhK/HmfpPr7GUDpxXTrFq8ZCoG97R144XGw==",
      "dev": true,
      "license": "MIT",
      "dependencies": {
        "@vitest/spy": "2.1.9",
        "estree-walker": "^3.0.3",
        "magic-string": "^0.30.12"
      },
      "funding": {
        "url": "https://opencollective.com/vitest"
      },
      "peerDependencies": {
        "msw": "^2.4.9",
        "vite": "^5.0.0"
      },
      "peerDependenciesMeta": {
        "msw": {
          "optional": true
        },
        "vite": {
          "optional": true
        }
      }
    },
    "node_modules/@vitest/pretty-format": {
      "version": "2.1.9",
      "resolved": "https://nexushost.is.adyen.com/repository/npm-internal/@vitest/pretty-format/-/pretty-format-2.1.9.tgz",
      "integrity": "sha512-WsS19UPzsL9JoFNZ6WutF30ZEU926Su1k1G4D8F/umbShjLrKLWI4brnRe4p/DxgYmAuyduzg0g0V7NXuWWvOA==",
      "dev": true,
      "license": "MIT",
      "dependencies": {
        "tinyrainbow": "^1.2.0"
      },
      "funding": {
        "url": "https://opencollective.com/vitest"
      }
    },
    "node_modules/@vitest/runner": {
      "version": "2.1.9",
      "resolved": "https://nexushost.is.adyen.com/repository/npm-internal/@vitest/runner/-/runner-2.1.9.tgz",
      "integrity": "sha512-IG5WaoqrXzvIUaOHrkXk9qplvVt2uuEjnI68tMb/YXYQWmvtT0FrWZQr0igV85mHSkY8yuVX2xXxwICfaqDp5A==",
      "dev": true,
      "license": "MIT",
      "dependencies": {
        "@vitest/utils": "2.1.9",
        "pathe": "^1.1.2"
      },
      "funding": {
        "url": "https://opencollective.com/vitest"
      }
    },
    "node_modules/@vitest/snapshot": {
      "version": "2.1.9",
      "resolved": "https://nexushost.is.adyen.com/repository/npm-internal/@vitest/snapshot/-/snapshot-2.1.9.tgz",
      "integrity": "sha512-5RPiMHJvkvuhsxJHxvfDQeCfJD35L79KbprmqXaL5pSyKdivp8dE5layy1VypyyTYSleAG0jCf/Txaj+T/M4XA==",
      "dev": true,
      "license": "MIT",
      "dependencies": {
        "@vitest/pretty-format": "2.1.9",
        "magic-string": "^0.30.12",
        "pathe": "^1.1.2"
      },
      "funding": {
        "url": "https://opencollective.com/vitest"
      }
    },
    "node_modules/@vitest/spy": {
      "version": "2.1.9",
      "resolved": "https://nexushost.is.adyen.com/repository/npm-internal/@vitest/spy/-/spy-2.1.9.tgz",
      "integrity": "sha512-Zlghs3+5gZYX+wW3a04+lNd++9VpTrOelOlFh86eUP8JiCyPVZwYF9qaNjjyP3fuJjai4tIR6j4mOthRvYx2Fw==",
      "dev": true,
      "license": "MIT",
      "dependencies": {
        "tinyspy": "^3.0.2"
      },
      "funding": {
        "url": "https://opencollective.com/vitest"
      }
    },
    "node_modules/@vitest/utils": {
      "version": "2.1.9",
      "resolved": "https://nexushost.is.adyen.com/repository/npm-internal/@vitest/utils/-/utils-2.1.9.tgz",
      "integrity": "sha512-pHyl4NlfMMOrVuCZHzrx4o7uUruabX3ftGrM5r7UsI0TLLNdZJDybKeRa5hQo0c7t9CsgLHEqNryi4qExBZddQ==",
      "dev": true,
      "license": "MIT",
      "dependencies": {
        "@vitest/pretty-format": "2.1.9",
        "loupe": "^3.1.2",
        "tinyrainbow": "^1.2.0"
      },
      "funding": {
        "url": "https://opencollective.com/vitest"
      }
    },
    "node_modules/assertion-error": {
      "version": "2.0.1",
      "resolved": "https://nexushost.is.adyen.com/repository/npm-internal/assertion-error/-/assertion-error-2.0.1.tgz",
      "integrity": "sha512-BbywjZoGWyen1glIrHw/RFNMquWLcrUIeYDJqIGRd9VOXG42fsXzCET+89lysDr8Z6Z9nDC19PWgW+Qtr7s10w==",
      "dev": true,
      "license": "MIT",
      "engines": {
        "node": ">=12"
      }
    },
    "node_modules/cac": {
      "version": "6.7.14",
      "resolved": "https://nexushost.is.adyen.com/repository/npm-internal/cac/-/cac-6.7.14.tgz",
      "integrity": "sha512-rFFfyV2wl5fIkgehn1nAoXnMuNRBP7+QL402mcCZ1NBuetYjsLAz7lOu4g/P1G/M4fcU5jqD7kdtpKQ52Fen5A==",
      "dev": true,
      "license": "MIT",
      "engines": {
        "node": ">=8"
      }
    },
    "node_modules/chai": {
      "version": "5.2.0",
      "resolved": "https://nexushost.is.adyen.com/repository/npm-internal/chai/-/chai-5.2.0.tgz",
      "integrity": "sha512-XNUdNtn9GBSC/PAy+mpA1ysoe93URXy5P1BHSQqnu8PD4mN3RJp7DGsL4Vqwd6xoWjwpkgrYoYr5jZvhEYB2/w==",
      "dev": true,
      "license": "MIT",
      "dependencies": {
        "assertion-error": "^2.0.1",
        "check-error": "^2.1.1",
        "deep-eql": "^5.0.1",
        "loupe": "^3.1.0",
        "pathval": "^2.0.0"
      },
      "engines": {
        "node": ">=12"
      }
    },
    "node_modules/check-error": {
      "version": "2.1.1",
      "resolved": "https://nexushost.is.adyen.com/repository/npm-internal/check-error/-/check-error-2.1.1.tgz",
      "integrity": "sha512-XnlDFexZNt6OkdE6kfp1kHtoXaW4eHHzZRGYdhqPIBVYbVt/mzm4ELJ3Po7YPBzcGcEFqoi7U8G9arGrLHjCXw==",
      "dev": true,
      "license": "MIT",
      "engines": {
        "node": ">= 16"
      }
    },
    "node_modules/debug": {
      "version": "4.4.0",
      "resolved": "https://nexushost.is.adyen.com/repository/npm-internal/debug/-/debug-4.4.0.tgz",
      "integrity": "sha512-CO2rmQ7llLFQ5moGZd2zIr5JjQwh9G9sxk1sm5PBn+ELdqk0UWfhGTh59JO/cvlPbfhhNZe/KegARrY5KjuQWQ==",
      "dev": true,
      "license": "MIT",
      "dependencies": {
        "ms": "^2.1.3"
      },
      "engines": {
        "node": ">=6.0"
      },
      "peerDependenciesMeta": {
        "supports-color": {
          "optional": true
        }
      }
    },
    "node_modules/deep-eql": {
      "version": "5.0.2",
      "resolved": "https://nexushost.is.adyen.com/repository/npm-internal/deep-eql/-/deep-eql-5.0.2.tgz",
      "integrity": "sha512-bSTAUvzG2wj3Ur9y0FzpqaTws9lGROD9cerFpakdONzNKTnzmmJPGtq03U+r2c54gOi/eza3tu7CLKEGu/CMDQ==",
      "dev": true,
      "license": "MIT",
      "engines": {
        "node": ">=6"
      }
    },
    "node_modules/es-module-lexer": {
      "version": "1.6.0",
      "resolved": "https://nexushost.is.adyen.com/repository/npm-internal/es-module-lexer/-/es-module-lexer-1.6.0.tgz",
      "integrity": "sha512-AN61nNrinSgBeUyKc+3THN0rte0AXJtDqVOvPcKQQJc3U9lykHVd4MiTPNp1caQZFvnSK/jPUv8pPF37SmbRow==",
      "dev": true,
      "license": "MIT"
    },
    "node_modules/esbuild": {
      "version": "0.21.5",
      "resolved": "https://nexushost.is.adyen.com/repository/npm-internal/esbuild/-/esbuild-0.21.5.tgz",
      "integrity": "sha512-RQDH70Udw2tWQlq3DFe1niTltZTUnQzcC1bdRap+wZqvbzLVgenfteOZXDMA/XuBe3P2dzwGWJs2vam4UxZtIQ==",
      "dev": true,
      "hasInstallScript": true,
      "license": "MIT",
      "bin": {
        "esbuild": "bin/esbuild"
      },
      "engines": {
        "node": ">=12"
      },
      "optionalDependencies": {
        "@esbuild/aix-ppc64": "0.21.5",
        "@esbuild/android-arm": "0.21.5",
        "@esbuild/android-arm64": "0.21.5",
        "@esbuild/android-x64": "0.21.5",
        "@esbuild/darwin-arm64": "0.21.5",
        "@esbuild/darwin-x64": "0.21.5",
        "@esbuild/freebsd-arm64": "0.21.5",
        "@esbuild/freebsd-x64": "0.21.5",
        "@esbuild/linux-arm": "0.21.5",
        "@esbuild/linux-arm64": "0.21.5",
        "@esbuild/linux-ia32": "0.21.5",
        "@esbuild/linux-loong64": "0.21.5",
        "@esbuild/linux-mips64el": "0.21.5",
        "@esbuild/linux-ppc64": "0.21.5",
        "@esbuild/linux-riscv64": "0.21.5",
        "@esbuild/linux-s390x": "0.21.5",
        "@esbuild/linux-x64": "0.21.5",
        "@esbuild/netbsd-x64": "0.21.5",
        "@esbuild/openbsd-x64": "0.21.5",
        "@esbuild/sunos-x64": "0.21.5",
        "@esbuild/win32-arm64": "0.21.5",
        "@esbuild/win32-ia32": "0.21.5",
        "@esbuild/win32-x64": "0.21.5"
      }
    },
    "node_modules/estree-walker": {
      "version": "3.0.3",
      "resolved": "https://nexushost.is.adyen.com/repository/npm-internal/estree-walker/-/estree-walker-3.0.3.tgz",
      "integrity": "sha512-p8+KKCTUSR0UGO+X8OfEzIAU9xdf2nnDoY10TivfrRTwKCDWhavFuO2OickqHW2Z79t/9E++MxvKeDn1Du/fYw==",
      "dev": true,
      "license": "MIT",
      "dependencies": {
        "@types/estree": "^1.0.0"
      }
    },
    "node_modules/expect-type": {
      "version": "1.2.1",
      "resolved": "https://nexushost.is.adyen.com/repository/npm-internal/expect-type/-/expect-type-1.2.1.tgz",
      "integrity": "sha512-h0YUF8m1gdd5zWf+Ofay3c1svOCZvfPxou7LCRbxfsQyjcDoDE08vAzuVUPcWk8CsCpacFbVt2xGnhPHBsENWg==",
      "dev": true,
      "license": "Apache-2.0",
      "engines": {
        "node": ">=12.0.0"
      }
    },
    "node_modules/fsevents": {
      "version": "2.3.3",
      "resolved": "https://nexushost.is.adyen.com/repository/npm-internal/fsevents/-/fsevents-2.3.3.tgz",
      "integrity": "sha512-dMuujO7o6KqmDN5nIWHvpfMNVc6ib3oTeK2YPoBODK3qnMxoproQX92UV23q/tw0ZAz59egTuCIS1bjsq3QHuA==",
      "dev": true,
      "license": "MIT",
      "optional": true,
      "os": [
        "darwin"
      ],
      "engines": {
        "node": "^8.16.0 || ^10.6.0 || >=11.0.0"
      }
    },
    "node_modules/globrex": {
      "version": "0.1.2",
      "resolved": "https://nexushost.is.adyen.com/repository/npm-internal/globrex/-/globrex-0.1.2.tgz",
      "integrity": "sha512-oE5TWLEEQAqFkOrvg1Ox3thxaKl4dBSw0D9nuHS3MCjKQZGZb7Mn/V8Fj0GElSYcR8FRpNrt6nVNZiGG/mY4aA==",
      "dev": true,
      "license": "MIT"
    },
    "node_modules/loupe": {
      "version": "3.1.3",
      "resolved": "https://nexushost.is.adyen.com/repository/npm-internal/loupe/-/loupe-3.1.3.tgz",
      "integrity": "sha512-kGPOJ5Ol7rF389GhWL2gWmBNV8TRDnXQ7J1PT8u0uPCLE+rSkrP4mptkLh46KNxMGdb3jI6d2no0G0ohtE/wLQ==",
      "dev": true,
      "license": "MIT"
    },
    "node_modules/magic-string": {
      "version": "0.30.17",
      "resolved": "https://nexushost.is.adyen.com/repository/npm-internal/magic-string/-/magic-string-0.30.17.tgz",
      "integrity": "sha512-bh9Uv09yhGaIZPVRP8Ve5FzmMt0DKbafA6k//kYf78BFnGGKnV+SzsK8c2sRW/YuPulC3BL5SmEo8Zho4Elr0w==",
      "dev": true,
      "license": "MIT",
      "dependencies": {
        "@jridgewell/sourcemap-codec": "^1.5.0"
      }
    },
    "node_modules/ms": {
      "version": "2.1.3",
      "resolved": "https://nexushost.is.adyen.com/repository/npm-internal/ms/-/ms-2.1.3.tgz",
      "integrity": "sha512-M+fIarkcQyUJra0grT1jLwJXkCedYrlVGFYhECvkW5G4Gp61qiq8Wy3NVBJpRRSlbyvT/bJxOqzxsclE/KqSRQ==",
      "dev": true,
      "license": "MIT"
    },
    "node_modules/nanoid": {
      "version": "3.3.11",
      "resolved": "https://nexushost.is.adyen.com/repository/npm-internal/nanoid/-/nanoid-3.3.11.tgz",
      "integrity": "sha512-Hk8kWBqkYbWTOZzHIfkqv0rxxe4fljH6OsS7rCYkdPZRurulx/JPae2JK4lv0E1QaS8ibMdEba9lYqwq0LhLMQ==",
      "dev": true,
      "funding": [
        {
          "type": "github",
          "url": "https://github.com/sponsors/ai"
        }
      ],
      "license": "MIT",
      "bin": {
        "nanoid": "bin/nanoid.cjs"
      },
      "engines": {
        "node": "^10 || ^12 || ^13.7 || ^14 || >=15.0.1"
      }
    },
    "node_modules/pathe": {
      "version": "1.1.2",
      "resolved": "https://nexushost.is.adyen.com/repository/npm-internal/pathe/-/pathe-1.1.2.tgz",
      "integrity": "sha512-lnp0UJ+/PFxi1RxY2vUBXTGEuu2A98aSkmqy5v40LXpHz1xZIJSTLf8/R6ef6H2o3MzHmuUMksID/wZKZ8cUXg==",
      "dev": true,
      "license": "MIT"
    },
    "node_modules/pathval": {
      "version": "2.0.0",
      "resolved": "https://nexushost.is.adyen.com/repository/npm-internal/pathval/-/pathval-2.0.0.tgz",
      "integrity": "sha512-RD1rGMJyvk1XkoIoJtIt/jZiNbobWZXk+BgmKl0WZ/BqZZVRVg8oMAaJHis+K1y8sWadAp0+pnrpmc96Yo5QEw==",
      "dev": true,
      "license": "MIT",
      "engines": {
        "node": ">= 14.16"
      }
    },
    "node_modules/picocolors": {
      "version": "1.1.1",
      "resolved": "https://nexushost.is.adyen.com/repository/npm-internal/picocolors/-/picocolors-1.1.1.tgz",
      "integrity": "sha512-OjUf9MxFV1Pwlq8DdzyCzGYrY2noiZM/EMUffBbH75K6XSoOCmoLMwUbTG132Q4AN9IiGab5EtStDu9eBEayjQ==",
      "dev": true,
      "license": "ISC"
    },
    "node_modules/postcss": {
      "version": "8.5.3",
      "resolved": "https://nexushost.is.adyen.com/repository/npm-internal/postcss/-/postcss-8.5.3.tgz",
      "integrity": "sha512-OMKfol0qZBIOuynpYpUcIVKFqeVrofc3TlGzvZKL7oaVN0uESJsDib8AYG17Gi2i7cdxM24i+ShWvvxZIFwwEQ==",
      "dev": true,
      "funding": [
        {
          "type": "opencollective",
          "url": "https://opencollective.com/postcss/"
        },
        {
          "type": "tidelift",
          "url": "https://tidelift.com/funding/github/npm/postcss"
        },
        {
          "type": "github",
          "url": "https://github.com/sponsors/ai"
        }
      ],
      "license": "MIT",
      "dependencies": {
        "nanoid": "^3.3.8",
        "picocolors": "^1.1.1",
        "source-map-js": "^1.2.1"
      },
      "engines": {
        "node": "^10 || ^12 || >=14"
      }
    },
    "node_modules/rollup": {
      "version": "4.39.0",
      "resolved": "https://nexushost.is.adyen.com/repository/npm-internal/rollup/-/rollup-4.39.0.tgz",
      "integrity": "sha512-xCJg03K1DAEmcnUTPJqirusR2Hcd6+M3vavO/RF97njJ1GYWhffWA849MBAp8BX2e/1oDI5QNR8wOuwpQTY98w==",
      "dev": true,
      "license": "MIT",
      "dependencies": {
        "@types/estree": "1.0.7"
      },
      "bin": {
        "rollup": "dist/bin/rollup"
      },
      "engines": {
        "node": ">=18.0.0",
        "npm": ">=8.0.0"
      },
      "optionalDependencies": {
        "@rollup/rollup-android-arm-eabi": "4.39.0",
        "@rollup/rollup-android-arm64": "4.39.0",
        "@rollup/rollup-darwin-arm64": "4.39.0",
        "@rollup/rollup-darwin-x64": "4.39.0",
        "@rollup/rollup-freebsd-arm64": "4.39.0",
        "@rollup/rollup-freebsd-x64": "4.39.0",
        "@rollup/rollup-linux-arm-gnueabihf": "4.39.0",
        "@rollup/rollup-linux-arm-musleabihf": "4.39.0",
        "@rollup/rollup-linux-arm64-gnu": "4.39.0",
        "@rollup/rollup-linux-arm64-musl": "4.39.0",
        "@rollup/rollup-linux-loongarch64-gnu": "4.39.0",
        "@rollup/rollup-linux-powerpc64le-gnu": "4.39.0",
        "@rollup/rollup-linux-riscv64-gnu": "4.39.0",
        "@rollup/rollup-linux-riscv64-musl": "4.39.0",
        "@rollup/rollup-linux-s390x-gnu": "4.39.0",
        "@rollup/rollup-linux-x64-gnu": "4.39.0",
        "@rollup/rollup-linux-x64-musl": "4.39.0",
        "@rollup/rollup-win32-arm64-msvc": "4.39.0",
        "@rollup/rollup-win32-ia32-msvc": "4.39.0",
        "@rollup/rollup-win32-x64-msvc": "4.39.0",
        "fsevents": "~2.3.2"
      }
    },
    "node_modules/siginfo": {
      "version": "2.0.0",
      "resolved": "https://nexushost.is.adyen.com/repository/npm-internal/siginfo/-/siginfo-2.0.0.tgz",
      "integrity": "sha512-iNc34JvpA0pJ3eaWjzpAhZ+dxMNDSX1ICZiW0NaeMRrFA5tyf2s/L1ynPbH5m3oMYuFeFY7kpxjvFmEYYENhkA==",
      "dev": true,
      "license": "ISC"
    },
    "node_modules/source-map-js": {
      "version": "1.2.1",
      "resolved": "https://nexushost.is.adyen.com/repository/npm-internal/source-map-js/-/source-map-js-1.2.1.tgz",
      "integrity": "sha512-6HTR3/3NM4N87BxLOSicEW+wXrjJOTBuf7Rp4LQw1ydQ2P8ETS7u8SDFYuAI/fmkLNQC/uVyTAo1Oq+nZr04Qw==",
      "dev": true,
      "license": "BSD-3-Clause",
      "engines": {
        "node": ">=0.10.0"
      }
    },
    "node_modules/stackback": {
      "version": "0.0.2",
      "resolved": "https://nexushost.is.adyen.com/repository/npm-internal/stackback/-/stackback-0.0.2.tgz",
      "integrity": "sha512-cgMQgiAPps4meDqZFsFUGNlGqZo9RLRnc9Tm3wdCJruogc9i4wVYSSziN1ioJ4r/hmc+vpb3yBJv4blz9WhKcA==",
      "dev": true,
      "license": "MIT"
    },
    "node_modules/std-env": {
      "version": "3.9.0",
      "resolved": "https://nexushost.is.adyen.com/repository/npm-internal/std-env/-/std-env-3.9.0.tgz",
      "integrity": "sha512-pNGdPMqDGKLMF0ift2zWg9BRQP9tcrZ51qOpmnT1DbNTFEC2zY6z+OqeV41YTRPwM0pqbWjMUp0xr2zgOSE8pg==",
      "dev": true,
      "license": "MIT"
    },
    "node_modules/tinybench": {
      "version": "2.9.0",
      "resolved": "https://nexushost.is.adyen.com/repository/npm-internal/tinybench/-/tinybench-2.9.0.tgz",
      "integrity": "sha512-RbTt6tuLw2feake4b9BKh9aVbSUp+vSgRwt98zE+U8HBQlxsYu4JZhoV83CS2BDe+L2UwQjuiFdTlROPi+PfQA==",
      "dev": true,
      "license": "MIT"
    },
    "node_modules/tinyexec": {
      "version": "0.3.2",
      "resolved": "https://nexushost.is.adyen.com/repository/npm-internal/tinyexec/-/tinyexec-0.3.2.tgz",
      "integrity": "sha512-3WDWSfUcU0rS+dUKwsrszP9xF8eXlLRGQ6NqJHx3K2JJvpSfXPpcHdHcY+Kp2NsNeo9Xtbe4cNx1pii4FndHDQ==",
      "dev": true,
      "license": "MIT"
    },
    "node_modules/tinypool": {
      "version": "1.0.2",
      "resolved": "https://nexushost.is.adyen.com/repository/npm-internal/tinypool/-/tinypool-1.0.2.tgz",
      "integrity": "sha512-O7upGlkuV4oiL6SMr0IX5ZTt3dGTYUgClhjoVZaFqIz/s6D3FpsgLd+2WfiJuUNgoM1rVe+HY4FczGHFhm7I8w==",
      "dev": true,
      "license": "MIT",
      "engines": {
        "node": "^18.0.0 || >=20.0.0"
      }
    },
    "node_modules/tinyrainbow": {
      "version": "1.2.0",
      "resolved": "https://nexushost.is.adyen.com/repository/npm-internal/tinyrainbow/-/tinyrainbow-1.2.0.tgz",
      "integrity": "sha512-aixkE5GEt7yaGrRt/zywBerolFdowJXIB/RubF4K5MzRWUGoJ7YVuMRowfUn4REYc5PMz7+uD7G0XAiFIerw6A==",
      "dev": true,
      "license": "MIT",
      "engines": {
        "node": ">=14.0.0"
      }
    },
    "node_modules/tinyspy": {
      "version": "3.0.2",
      "resolved": "https://nexushost.is.adyen.com/repository/npm-internal/tinyspy/-/tinyspy-3.0.2.tgz",
      "integrity": "sha512-HZ/KUnhE2uEk3EMbnZtmhZ9SZonzGzygKqEa3Orlx+COuDeL2UFtRRcpGkH9P3H7d9iPsVrpbolsGlgLYUYLNg==",
      "dev": true,
      "license": "MIT",
      "engines": {
        "node": ">=14.0.0"
      }
    },
    "node_modules/tsconfck": {
      "version": "2.1.2",
      "resolved": "https://nexushost.is.adyen.com/repository/npm-internal/tsconfck/-/tsconfck-2.1.2.tgz",
      "integrity": "sha512-H5bemoCsh59yRNkKKh3iAdb/j/Mr+XZduCUN6fsddp3FR1OQiwcFmZJANtff6dov0YlegKowl064H4sZ5cxyVw==",
      "dev": true,
      "license": "MIT",
      "bin": {
        "tsconfck": "bin/tsconfck.js"
      },
      "engines": {
        "node": "^14.13.1 || ^16 || >=18"
      },
      "peerDependencies": {
        "typescript": "^4.3.5 || ^5.0.0"
      },
      "peerDependenciesMeta": {
        "typescript": {
          "optional": true
        }
      }
    },
    "node_modules/typescript": {
      "version": "5.8.3",
      "resolved": "https://nexushost.is.adyen.com/repository/npm-internal/typescript/-/typescript-5.8.3.tgz",
      "integrity": "sha512-xn9ORhyTePbeFf7AGK6KW4Z5X6Kvrf04f78Ip2irMo0Sswtk7kRNHEVk1kEtSPrtmeT8Ymdbt7R2M5Wou5VnLw==",
      "dev": true,
      "license": "Apache-2.0",
      "bin": {
        "tsc": "bin/tsc",
        "tsserver": "bin/tsserver"
      },
      "engines": {
        "node": ">=14.17"
      }
    },
    "node_modules/vite": {
      "version": "5.4.18",
      "resolved": "https://nexushost.is.adyen.com/repository/npm-internal/vite/-/vite-5.4.18.tgz",
      "integrity": "sha512-9d5OsoZIlGLt+gfvaLR1eRJgRdI53SBDr4lNB8KSn8YI3B3t/x9mUZ0Y3rsvC30fhCcWzCia0lc/oL6f99TzEg==",
      "dev": true,
      "license": "MIT",
      "dependencies": {
        "esbuild": "^0.21.3",
        "postcss": "^8.4.43",
        "rollup": "^4.20.0"
      },
      "bin": {
        "vite": "bin/vite.js"
      },
      "engines": {
        "node": "^18.0.0 || >=20.0.0"
      },
      "funding": {
        "url": "https://github.com/vitejs/vite?sponsor=1"
      },
      "optionalDependencies": {
        "fsevents": "~2.3.3"
      },
      "peerDependencies": {
        "@types/node": "^18.0.0 || >=20.0.0",
        "less": "*",
        "lightningcss": "^1.21.0",
        "sass": "*",
        "sass-embedded": "*",
        "stylus": "*",
        "sugarss": "*",
        "terser": "^5.4.0"
      },
      "peerDependenciesMeta": {
        "@types/node": {
          "optional": true
        },
        "less": {
          "optional": true
        },
        "lightningcss": {
          "optional": true
        },
        "sass": {
          "optional": true
        },
        "sass-embedded": {
          "optional": true
        },
        "stylus": {
          "optional": true
        },
        "sugarss": {
          "optional": true
        },
        "terser": {
          "optional": true
        }
      }
    },
    "node_modules/vite-node": {
      "version": "2.1.9",
      "resolved": "https://nexushost.is.adyen.com/repository/npm-internal/vite-node/-/vite-node-2.1.9.tgz",
      "integrity": "sha512-KFT186qVO+EWCCV2GxXHlrHOcWDVrhQe4oqtuWXelD5DC2kz2/P826H/C+n55QVYrhb7lV/YFrI0IPmRW0nC5Q==",
      "dev": true,
      "license": "MIT",
      "dependencies": {
        "cac": "^6.7.14",
        "debug": "^4.3.7",
        "es-module-lexer": "^1.5.4",
        "pathe": "^1.1.2",
        "vite": "^5.0.0"
      },
      "bin": {
        "vite-node": "vite-node.mjs"
      },
      "engines": {
        "node": "^18.0.0 || >=20.0.0"
      },
      "funding": {
        "url": "https://opencollective.com/vitest"
      }
    },
    "node_modules/vite-tsconfig-paths": {
      "version": "4.2.3",
      "resolved": "https://nexushost.is.adyen.com/repository/npm-internal/vite-tsconfig-paths/-/vite-tsconfig-paths-4.2.3.tgz",
      "integrity": "sha512-JbZXHGEKkDij84oiHhXe2xZFNFjjfEMuC3AGq09/rr3Q6CqngeF9U8WyVAYTajZ9kjW6RgDqDIkONZ14w4djOA==",
      "dev": true,
      "license": "MIT",
      "dependencies": {
        "debug": "^4.1.1",
        "globrex": "^0.1.2",
        "tsconfck": "^2.1.0"
      },
      "peerDependencies": {
        "vite": "*"
      },
      "peerDependenciesMeta": {
        "vite": {
          "optional": true
        }
      }
    },
    "node_modules/vitest": {
      "version": "2.1.9",
      "resolved": "https://nexushost.is.adyen.com/repository/npm-internal/vitest/-/vitest-2.1.9.tgz",
      "integrity": "sha512-50aqeDjADSjuuHOMGiNntmjCrmi1aU8A1tJYTIUh/8vaPBxYY3Vbfm72m4yAQWIxvccRTPiQAz7aU4G2o4J2AQ==",
      "dev": true,
      "license": "MIT",
      "dependencies": {
        "@vitest/expect": "2.1.9",
        "@vitest/mocker": "2.1.9",
        "@vitest/pretty-format": "^2.1.9",
        "@vitest/runner": "2.1.9",
        "@vitest/snapshot": "2.1.9",
        "@vitest/spy": "2.1.9",
        "@vitest/utils": "2.1.9",
        "chai": "^5.1.2",
        "debug": "^4.3.7",
        "expect-type": "^1.1.0",
        "magic-string": "^0.30.12",
        "pathe": "^1.1.2",
        "std-env": "^3.8.0",
        "tinybench": "^2.9.0",
        "tinyexec": "^0.3.1",
        "tinypool": "^1.0.1",
        "tinyrainbow": "^1.2.0",
        "vite": "^5.0.0",
        "vite-node": "2.1.9",
        "why-is-node-running": "^2.3.0"
      },
      "bin": {
        "vitest": "vitest.mjs"
      },
      "engines": {
        "node": "^18.0.0 || >=20.0.0"
      },
      "funding": {
        "url": "https://opencollective.com/vitest"
      },
      "peerDependencies": {
        "@edge-runtime/vm": "*",
        "@types/node": "^18.0.0 || >=20.0.0",
        "@vitest/browser": "2.1.9",
        "@vitest/ui": "2.1.9",
        "happy-dom": "*",
        "jsdom": "*"
      },
      "peerDependenciesMeta": {
        "@edge-runtime/vm": {
          "optional": true
        },
        "@types/node": {
          "optional": true
        },
        "@vitest/browser": {
          "optional": true
        },
        "@vitest/ui": {
          "optional": true
        },
        "happy-dom": {
          "optional": true
        },
        "jsdom": {
          "optional": true
        }
      }
    },
    "node_modules/why-is-node-running": {
      "version": "2.3.0",
      "resolved": "https://nexushost.is.adyen.com/repository/npm-internal/why-is-node-running/-/why-is-node-running-2.3.0.tgz",
      "integrity": "sha512-/RtMfsB8Sp8m2J+9I//cB/zu5dEo731C0PB4yYmzg2xPyakDPDeYXgolNA3XcGazCu7Dx2KSwXOw7qXtBhLEDg==",
      "dev": true,
      "license": "MIT",
      "dependencies": {
        "siginfo": "^2.0.0",
        "stackback": "0.0.2"
      },
      "bin": {
        "why-is-node-running": "cli.js"
      },
      "engines": {
        "node": ">=8"
      }
    }
  }
}
